
Microsoft Visual Studio Solution File, Format Version 12.00
# Visual Studio Version 16
VisualStudioVersion = 16.0.31019.35
MinimumVisualStudioVersion = 10.0.40219.1
Project("{FAE04EC0-301F-11D3-BF4B-00C04F79EFBC}") = "Controls", "Controls\Controls.csproj", "{07B6838B-0A46-4479-AA44-042F034D2011}"
EndProject
Global
	GlobalSection(SolutionConfigurationPlatforms) = preSolution
		Debug|Any CPU = Debug|Any CPU
		Release|Any CPU = Release|Any CPU
	EndGlobalSection
	GlobalSection(ProjectConfigurationPlatforms) = postSolution
		{07B6838B-0A46-4479-AA44-042F034D2011}.Debug|Any CPU.ActiveCfg = Debug|Any CPU
		{07B6838B-0A46-4479-AA44-042F034D2011}.Debug|Any CPU.Build.0 = Debug|Any CPU
		{07B6838B-0A46-4479-AA44-042F034D2011}.Release|Any CPU.ActiveCfg = Release|Any CPU
		{07B6838B-0A46-4479-AA44-042F034D2011}.Release|Any CPU.Build.0 = Release|Any CPU
	EndGlobalSection
	GlobalSection(SolutionProperties) = preSolution
		HideSolutionNode = FALSE
	EndGlobalSection
	GlobalSection(ExtensibilityGlobals) = postSolution
		SolutionGuid = {00DF3765-F53B-443B-9309-6C00E7C253F2}
	EndGlobalSection
EndGlobal
